
Microsoft Visual Studio Solution File, Format Version 12.00
# Visual Studio Version 17
VisualStudioVersion = 17.14.36429.23 d17.14
MinimumVisualStudioVersion = 10.0.40219.1
Project("{FAE04EC0-301F-11D3-BF4B-00C04F79EFBC}") = "SeleniumReference", "SeleniumReference\SeleniumReference.csproj", "{D581946B-337B-434B-B4E4-5AA5A49495FE}"
EndProject
Global
	GlobalSection(SolutionConfigurationPlatforms) = preSolution
		Debug|Any CPU = Debug|Any CPU
		Release|Any CPU = Release|Any CPU
	EndGlobalSection
	GlobalSection(ProjectConfigurationPlatforms) = postSolution
		{D581946B-337B-434B-B4E4-5AA5A49495FE}.Debug|Any CPU.ActiveCfg = Debug|Any CPU
		{D581946B-337B-434B-B4E4-5AA5A49495FE}.Debug|Any CPU.Build.0 = Debug|Any CPU
		{D581946B-337B-434B-B4E4-5AA5A49495FE}.Release|Any CPU.ActiveCfg = Release|Any CPU
		{D581946B-337B-434B-B4E4-5AA5A49495FE}.Release|Any CPU.Build.0 = Release|Any CPU
	EndGlobalSection
	GlobalSection(SolutionProperties) = preSolution
		HideSolutionNode = FALSE
	EndGlobalSection
	GlobalSection(ExtensibilityGlobals) = postSolution
		SolutionGuid = {6D2F3581-B04F-4D21-988B-73C36A6EC5F2}
	EndGlobalSection
EndGlobal
